PODS:
  - Reusable (4.0.5):
    - Reusable/Storyboard (= 4.0.5)
    - Reusable/View (= 4.0.5)
  - Reusable/Storyboard (4.0.5)
  - Reusable/View (4.0.5)
  - SDWebImage (4.4.3):
    - SDWebImage/Core (= 4.4.3)
  - SDWebImage/Core (4.4.3)
  - SnapKit (4.2.0)
  - SwiftLint (0.30.1)

DEPENDENCIES:
  - Reusable (~> 4.0.0)
  - SDWebImage (~> 4.0)
  - SnapKit (~> 4.0)
  - SwiftLint (~> 0.24)

SPEC REPOS:
  https://github.com/cocoapods/specs.git:
    - Reusable
    - SDWebImage
    - SnapKit
    - SwiftLint

SPEC CHECKSUMS:
  Reusable: 188be1a54ac0691bc66e5bb24ec6eb91971b315b
  SDWebImage: c5594f1a19c48d526d321e548902b56b479cd508
  SnapKit: fe8a619752f3f27075cc9a90244d75c6c3f27e2a
  SwiftLint: a54bf1fe12b55c68560eb2a7689dfc81458508f7

PODFILE CHECKSUM: 9460b2fe3676add8ffa9a5f6da29b5f8356bbe40

COCOAPODS: 1.5.3
